
Microsoft Visual Studio Solution File, Format Version 12.00
# Visual Studio Version 16
VisualStudioVersion = 16.0.31019.35
MinimumVisualStudioVersion = 10.0.40219.1
Project("{8BC9CEB8-8B4A-11D0-8D11-00A0C91BC942}") = "Project1", "Project1\Project1.vcxproj", "{DDB9FD36-101C-4F60-920F-2503696F2FF0}"
EndProject
Global
	GlobalSection(SolutionConfigurationPlatforms) = preSolution
		Debug|x64 = Debug|x64
		Debug|x86 = Debug|x86
		Release|x64 = Release|x64
		Release|x86 = Release|x86
	EndGlobalSection
	GlobalSection(ProjectConfigurationPlatforms) = postSolution
		{DDB9FD36-101C-4F60-920F-2503696F2FF0}.Debug|x64.ActiveCfg = Debug|x64
		{DDB9FD36-101C-4F60-920F-2503696F2FF0}.Debug|x64.Build.0 = Debug|x64
		{DDB9FD36-101C-4F60-920F-2503696F2FF0}.Debug|x86.ActiveCfg = Debug|Win32
		{DDB9FD36-101C-4F60-920F-2503696F2FF0}.Debug|x86.Build.0 = Debug|Win32
		{DDB9FD36-101C-4F60-920F-2503696F2FF0}.Release|x64.ActiveCfg = Release|x64
		{DDB9FD36-101C-4F60-920F-2503696F2FF0}.Release|x64.Build.0 = Release|x64
		{DDB9FD36-101C-4F60-920F-2503696F2FF0}.Release|x86.ActiveCfg = Release|Win32
		{DDB9FD36-101C-4F60-920F-2503696F2FF0}.Release|x86.Build.0 = Release|Win32
	EndGlobalSection
	GlobalSection(SolutionProperties) = preSolution
		HideSolutionNode = FALSE
	EndGlobalSection
	GlobalSection(ExtensibilityGlobals) = postSolution
		SolutionGuid = {8DA698C5-269A-4467-9B54-7EF5FD1E2D0B}
	EndGlobalSection
EndGlobal
