
Microsoft Visual Studio Solution File, Format Version 12.00
# Visual Studio Version 16
VisualStudioVersion = 16.0.31019.35
MinimumVisualStudioVersion = 10.0.40219.1
Project("{8BC9CEB8-8B4A-11D0-8D11-00A0C91BC942}") = "Project6", "Project6\Project6.vcxproj", "{ED0082A7-FCCA-49FB-9B3A-5B216980AC0E}"
EndProject
Global
	GlobalSection(SolutionConfigurationPlatforms) = preSolution
		Debug|x64 = Debug|x64
		Debug|x86 = Debug|x86
		Release|x64 = Release|x64
		Release|x86 = Release|x86
	EndGlobalSection
	GlobalSection(ProjectConfigurationPlatforms) = postSolution
		{ED0082A7-FCCA-49FB-9B3A-5B216980AC0E}.Debug|x64.ActiveCfg = Debug|x64
		{ED0082A7-FCCA-49FB-9B3A-5B216980AC0E}.Debug|x64.Build.0 = Debug|x64
		{ED0082A7-FCCA-49FB-9B3A-5B216980AC0E}.Debug|x86.ActiveCfg = Debug|Win32
		{ED0082A7-FCCA-49FB-9B3A-5B216980AC0E}.Debug|x86.Build.0 = Debug|Win32
		{ED0082A7-FCCA-49FB-9B3A-5B216980AC0E}.Release|x64.ActiveCfg = Release|x64
		{ED0082A7-FCCA-49FB-9B3A-5B216980AC0E}.Release|x64.Build.0 = Release|x64
		{ED0082A7-FCCA-49FB-9B3A-5B216980AC0E}.Release|x86.ActiveCfg = Release|Win32
		{ED0082A7-FCCA-49FB-9B3A-5B216980AC0E}.Release|x86.Build.0 = Release|Win32
	EndGlobalSection
	GlobalSection(SolutionProperties) = preSolution
		HideSolutionNode = FALSE
	EndGlobalSection
	GlobalSection(ExtensibilityGlobals) = postSolution
		SolutionGuid = {4C02402D-7F9A-4622-B6E1-5342A16C61A9}
	EndGlobalSection
EndGlobal
