
Microsoft Visual Studio Solution File, Format Version 12.00
# Visual Studio Version 16
VisualStudioVersion = 25.0.1704.0
MinimumVisualStudioVersion = 10.0.40219.1
Project("{FAE04EC0-301F-11D3-BF4B-00C04F79EFBC}") = "ray-tracer", "ray-tracer.csproj", "{1042727B-E1FC-4805-87DA-CD69456EE14B}"
EndProject
Global
	GlobalSection(SolutionConfigurationPlatforms) = preSolution
		Debug|Any CPU = Debug|Any CPU
		Release|Any CPU = Release|Any CPU
	EndGlobalSection
	GlobalSection(ProjectConfigurationPlatforms) = postSolution
		{1042727B-E1FC-4805-87DA-CD69456EE14B}.Debug|Any CPU.ActiveCfg = Debug|Any CPU
		{1042727B-E1FC-4805-87DA-CD69456EE14B}.Debug|Any CPU.Build.0 = Debug|Any CPU
		{1042727B-E1FC-4805-87DA-CD69456EE14B}.Release|Any CPU.ActiveCfg = Release|Any CPU
		{1042727B-E1FC-4805-87DA-CD69456EE14B}.Release|Any CPU.Build.0 = Release|Any CPU
	EndGlobalSection
	GlobalSection(SolutionProperties) = preSolution
		HideSolutionNode = FALSE
	EndGlobalSection
	GlobalSection(ExtensibilityGlobals) = postSolution
		SolutionGuid = {63F8C9EC-8BDB-4F28-B08B-50551B6E4641}
	EndGlobalSection
EndGlobal
