
Microsoft Visual Studio Solution File, Format Version 12.00
# Visual Studio Version 16
VisualStudioVersion = 16.0.31019.35
MinimumVisualStudioVersion = 10.0.40219.1
Project("{8BC9CEB8-8B4A-11D0-8D11-00A0C91BC942}") = "Project1", "Project1\Project1.vcxproj", "{78F8CAA6-6FCB-4DC5-B195-C1C16E63076C}"
EndProject
Global
	GlobalSection(SolutionConfigurationPlatforms) = preSolution
		Debug|x64 = Debug|x64
		Debug|x86 = Debug|x86
		Release|x64 = Release|x64
		Release|x86 = Release|x86
	EndGlobalSection
	GlobalSection(ProjectConfigurationPlatforms) = postSolution
		{78F8CAA6-6FCB-4DC5-B195-C1C16E63076C}.Debug|x64.ActiveCfg = Debug|x64
		{78F8CAA6-6FCB-4DC5-B195-C1C16E63076C}.Debug|x64.Build.0 = Debug|x64
		{78F8CAA6-6FCB-4DC5-B195-C1C16E63076C}.Debug|x86.ActiveCfg = Debug|Win32
		{78F8CAA6-6FCB-4DC5-B195-C1C16E63076C}.Debug|x86.Build.0 = Debug|Win32
		{78F8CAA6-6FCB-4DC5-B195-C1C16E63076C}.Release|x64.ActiveCfg = Release|x64
		{78F8CAA6-6FCB-4DC5-B195-C1C16E63076C}.Release|x64.Build.0 = Release|x64
		{78F8CAA6-6FCB-4DC5-B195-C1C16E63076C}.Release|x86.ActiveCfg = Release|Win32
		{78F8CAA6-6FCB-4DC5-B195-C1C16E63076C}.Release|x86.Build.0 = Release|Win32
	EndGlobalSection
	GlobalSection(SolutionProperties) = preSolution
		HideSolutionNode = FALSE
	EndGlobalSection
	GlobalSection(ExtensibilityGlobals) = postSolution
		SolutionGuid = {AC085AAF-4B06-40C2-9B01-3D0B14D8E23C}
	EndGlobalSection
EndGlobal
