
Microsoft Visual Studio Solution File, Format Version 12.00
# Visual Studio Version 17
VisualStudioVersion = 17.0.31919.166
MinimumVisualStudioVersion = 10.0.40219.1
Project("{FAE04EC0-301F-11D3-BF4B-00C04F79EFBC}") = "Try1", "Try1.csproj", "{42D5C077-E914-417E-A34D-E6BDDD3693BB}"
EndProject
Global
	GlobalSection(SolutionConfigurationPlatforms) = preSolution
		Debug|Any CPU = Debug|Any CPU
		Release|Any CPU = Release|Any CPU
	EndGlobalSection
	GlobalSection(ProjectConfigurationPlatforms) = postSolution
		{42D5C077-E914-417E-A34D-E6BDDD3693BB}.Debug|Any CPU.ActiveCfg = Debug|Any CPU
		{42D5C077-E914-417E-A34D-E6BDDD3693BB}.Debug|Any CPU.Build.0 = Debug|Any CPU
		{42D5C077-E914-417E-A34D-E6BDDD3693BB}.Release|Any CPU.ActiveCfg = Release|Any CPU
		{42D5C077-E914-417E-A34D-E6BDDD3693BB}.Release|Any CPU.Build.0 = Release|Any CPU
	EndGlobalSection
	GlobalSection(SolutionProperties) = preSolution
		HideSolutionNode = FALSE
	EndGlobalSection
	GlobalSection(ExtensibilityGlobals) = postSolution
		SolutionGuid = {168FE70E-1234-496D-AB47-318E499D8C2C}
	EndGlobalSection
EndGlobal
