
Microsoft Visual Studio Solution File, Format Version 12.00
# Visual Studio Version 16
VisualStudioVersion = 16.0.31019.35
MinimumVisualStudioVersion = 10.0.40219.1
Project("{8BC9CEB8-8B4A-11D0-8D11-00A0C91BC942}") = "Project4", "Project4\Project4.vcxproj", "{0FB4E454-5E85-474E-BC4D-DFCF01921792}"
EndProject
Global
	GlobalSection(SolutionConfigurationPlatforms) = preSolution
		Debug|x64 = Debug|x64
		Debug|x86 = Debug|x86
		Release|x64 = Release|x64
		Release|x86 = Release|x86
	EndGlobalSection
	GlobalSection(ProjectConfigurationPlatforms) = postSolution
		{0FB4E454-5E85-474E-BC4D-DFCF01921792}.Debug|x64.ActiveCfg = Debug|x64
		{0FB4E454-5E85-474E-BC4D-DFCF01921792}.Debug|x64.Build.0 = Debug|x64
		{0FB4E454-5E85-474E-BC4D-DFCF01921792}.Debug|x86.ActiveCfg = Debug|Win32
		{0FB4E454-5E85-474E-BC4D-DFCF01921792}.Debug|x86.Build.0 = Debug|Win32
		{0FB4E454-5E85-474E-BC4D-DFCF01921792}.Release|x64.ActiveCfg = Release|x64
		{0FB4E454-5E85-474E-BC4D-DFCF01921792}.Release|x64.Build.0 = Release|x64
		{0FB4E454-5E85-474E-BC4D-DFCF01921792}.Release|x86.ActiveCfg = Release|Win32
		{0FB4E454-5E85-474E-BC4D-DFCF01921792}.Release|x86.Build.0 = Release|Win32
	EndGlobalSection
	GlobalSection(SolutionProperties) = preSolution
		HideSolutionNode = FALSE
	EndGlobalSection
	GlobalSection(ExtensibilityGlobals) = postSolution
		SolutionGuid = {E9D55FB0-2387-4C68-9293-91B12D07BEA3}
	EndGlobalSection
EndGlobal
