
Microsoft Visual Studio Solution File, Format Version 12.00
# Visual Studio Version 17
VisualStudioVersion = 17.0.31919.166
MinimumVisualStudioVersion = 10.0.40219.1
Project("{FAE04EC0-301F-11D3-BF4B-00C04F79EFBC}") = "WindowsFormsApp1", "WindowsFormsApp1.csproj", "{8031AEDE-8B88-43FF-8C54-36039671369D}"
EndProject
Global
	GlobalSection(SolutionConfigurationPlatforms) = preSolution
		Debug|Any CPU = Debug|Any CPU
		Release|Any CPU = Release|Any CPU
	EndGlobalSection
	GlobalSection(ProjectConfigurationPlatforms) = postSolution
		{8031AEDE-8B88-43FF-8C54-36039671369D}.Debug|Any CPU.ActiveCfg = Debug|Any CPU
		{8031AEDE-8B88-43FF-8C54-36039671369D}.Debug|Any CPU.Build.0 = Debug|Any CPU
		{8031AEDE-8B88-43FF-8C54-36039671369D}.Release|Any CPU.ActiveCfg = Release|Any CPU
		{8031AEDE-8B88-43FF-8C54-36039671369D}.Release|Any CPU.Build.0 = Release|Any CPU
	EndGlobalSection
	GlobalSection(SolutionProperties) = preSolution
		HideSolutionNode = FALSE
	EndGlobalSection
	GlobalSection(ExtensibilityGlobals) = postSolution
		SolutionGuid = {75C078BC-5D32-4D20-97D3-43EE8D63BDCB}
	EndGlobalSection
EndGlobal
